
Microsoft Visual Studio Solution File, Format Version 10.00
# Visual Studio 2008
Project("{FAE04EC0-301F-11D3-BF4B-00C04F79EFBC}") = "kcs", "kcs\kcs.csproj", "{183A6083-51F9-4882-931F-C5F5CB11B5EE}"
EndProject
Global
	GlobalSection(SolutionConfigurationPlatforms) = preSolution
		Debug|x86 = Debug|x86
		Release|x86 = Release|x86
	EndGlobalSection
	GlobalSection(ProjectConfigurationPlatforms) = postSolution
		{183A6083-51F9-4882-931F-C5F5CB11B5EE}.Debug|x86.ActiveCfg = Debug|x86
		{183A6083-51F9-4882-931F-C5F5CB11B5EE}.Debug|x86.Build.0 = Debug|x86
		{183A6083-51F9-4882-931F-C5F5CB11B5EE}.Release|x86.ActiveCfg = Release|x86
		{183A6083-51F9-4882-931F-C5F5CB11B5EE}.Release|x86.Build.0 = Release|x86
	EndGlobalSection
	GlobalSection(MonoDevelopProperties) = preSolution
		StartupItem = kcs\kcs.csproj
	EndGlobalSection
EndGlobal
